
Microsoft Visual Studio Solution File, Format Version 12.00
# Visual Studio Version 16
VisualStudioVersion = 16.0.28803.452
MinimumVisualStudioVersion = 10.0.40219.1
Project("{FAE04EC0-301F-11D3-BF4B-00C04F79EFBC}") = "delegates-events.common", "delegates-events.common\delegates-events.common.csproj", "{E8C316A6-3E6F-44AB-9AFB-6310EC98AC56}"
EndProject
Project("{FAE04EC0-301F-11D3-BF4B-00C04F79EFBC}") = "delegates-events.ui", "delegates-events.ui\delegates-events.ui.csproj", "{68E62E06-1DF0-47D7-93E5-4763CE44F298}"
EndProject
Project("{FAE04EC0-301F-11D3-BF4B-00C04F79EFBC}") = "delegates-events.implementationA", "delegates-events.implementationA\delegates-events.implementationA.csproj", "{675734AC-3368-404B-B506-B229EEC5D0F5}"
EndProject
Project("{FAE04EC0-301F-11D3-BF4B-00C04F79EFBC}") = "delegates-events.implementationB", "delegates-events.implementationB\delegates-events.implementationB.csproj", "{26712118-8630-4133-8030-EA3B7ADE352E}"
EndProject
Global
	GlobalSection(SolutionConfigurationPlatforms) = preSolution
		Debug|Any CPU = Debug|Any CPU
		Release|Any CPU = Release|Any CPU
	EndGlobalSection
	GlobalSection(ProjectConfigurationPlatforms) = postSolution
		{E8C316A6-3E6F-44AB-9AFB-6310EC98AC56}.Debug|Any CPU.ActiveCfg = Debug|Any CPU
		{E8C316A6-3E6F-44AB-9AFB-6310EC98AC56}.Debug|Any CPU.Build.0 = Debug|Any CPU
		{E8C316A6-3E6F-44AB-9AFB-6310EC98AC56}.Release|Any CPU.ActiveCfg = Release|Any CPU
		{E8C316A6-3E6F-44AB-9AFB-6310EC98AC56}.Release|Any CPU.Build.0 = Release|Any CPU
		{68E62E06-1DF0-47D7-93E5-4763CE44F298}.Debug|Any CPU.ActiveCfg = Debug|Any CPU
		{68E62E06-1DF0-47D7-93E5-4763CE44F298}.Debug|Any CPU.Build.0 = Debug|Any CPU
		{68E62E06-1DF0-47D7-93E5-4763CE44F298}.Release|Any CPU.ActiveCfg = Release|Any CPU
		{68E62E06-1DF0-47D7-93E5-4763CE44F298}.Release|Any CPU.Build.0 = Release|Any CPU
		{675734AC-3368-404B-B506-B229EEC5D0F5}.Debug|Any CPU.ActiveCfg = Debug|Any CPU
		{675734AC-3368-404B-B506-B229EEC5D0F5}.Debug|Any CPU.Build.0 = Debug|Any CPU
		{675734AC-3368-404B-B506-B229EEC5D0F5}.Release|Any CPU.ActiveCfg = Release|Any CPU
		{675734AC-3368-404B-B506-B229EEC5D0F5}.Release|Any CPU.Build.0 = Release|Any CPU
		{26712118-8630-4133-8030-EA3B7ADE352E}.Debug|Any CPU.ActiveCfg = Debug|Any CPU
		{26712118-8630-4133-8030-EA3B7ADE352E}.Debug|Any CPU.Build.0 = Debug|Any CPU
		{26712118-8630-4133-8030-EA3B7ADE352E}.Release|Any CPU.ActiveCfg = Release|Any CPU
		{26712118-8630-4133-8030-EA3B7ADE352E}.Release|Any CPU.Build.0 = Release|Any CPU
	EndGlobalSection
	GlobalSection(SolutionProperties) = preSolution
		HideSolutionNode = FALSE
	EndGlobalSection
	GlobalSection(ExtensibilityGlobals) = postSolution
		SolutionGuid = {EC23ABA9-C0B6-444C-A76F-998D2BD86344}
	EndGlobalSection
EndGlobal
